
Microsoft Visual Studio Solution File, Format Version 12.00
# Visual Studio Version 16
VisualStudioVersion = 16.0.29509.3
MinimumVisualStudioVersion = 10.0.40219.1
Project("{FAE04EC0-301F-11D3-BF4B-00C04F79EFBC}") = "SoftTech_Ex8", "SoftTech_Ex8\SoftTech_Ex8.csproj", "{35064015-DFF9-4E25-8CE8-6986477CB278}"
EndProject
Global
	GlobalSection(SolutionConfigurationPlatforms) = preSolution
		Debug|Any CPU = Debug|Any CPU
		Release|Any CPU = Release|Any CPU
	EndGlobalSection
	GlobalSection(ProjectConfigurationPlatforms) = postSolution
		{35064015-DFF9-4E25-8CE8-6986477CB278}.Debug|Any CPU.ActiveCfg = Debug|Any CPU
		{35064015-DFF9-4E25-8CE8-6986477CB278}.Debug|Any CPU.Build.0 = Debug|Any CPU
		{35064015-DFF9-4E25-8CE8-6986477CB278}.Release|Any CPU.ActiveCfg = Release|Any CPU
		{35064015-DFF9-4E25-8CE8-6986477CB278}.Release|Any CPU.Build.0 = Release|Any CPU
	EndGlobalSection
	GlobalSection(SolutionProperties) = preSolution
		HideSolutionNode = FALSE
	EndGlobalSection
	GlobalSection(ExtensibilityGlobals) = postSolution
		SolutionGuid = {E014F0B4-D952-4EC8-A26E-9E246BA565A0}
	EndGlobalSection
EndGlobal
