
Microsoft Visual Studio Solution File, Format Version 12.00
# Visual Studio Version 16
VisualStudioVersion = 16.0.29509.3
MinimumVisualStudioVersion = 10.0.40219.1
Project("{FAE04EC0-301F-11D3-BF4B-00C04F79EFBC}") = "NameBox", "SoftTech_Ex9.1\NameBox.csproj", "{A760E84B-BF6E-4CE4-AB52-49FB0C2C5BC3}"
EndProject
Global
	GlobalSection(SolutionConfigurationPlatforms) = preSolution
		Debug|Any CPU = Debug|Any CPU
		Release|Any CPU = Release|Any CPU
	EndGlobalSection
	GlobalSection(ProjectConfigurationPlatforms) = postSolution
		{A760E84B-BF6E-4CE4-AB52-49FB0C2C5BC3}.Debug|Any CPU.ActiveCfg = Debug|Any CPU
		{A760E84B-BF6E-4CE4-AB52-49FB0C2C5BC3}.Debug|Any CPU.Build.0 = Debug|Any CPU
		{A760E84B-BF6E-4CE4-AB52-49FB0C2C5BC3}.Release|Any CPU.ActiveCfg = Release|Any CPU
		{A760E84B-BF6E-4CE4-AB52-49FB0C2C5BC3}.Release|Any CPU.Build.0 = Release|Any CPU
	EndGlobalSection
	GlobalSection(SolutionProperties) = preSolution
		HideSolutionNode = FALSE
	EndGlobalSection
	GlobalSection(ExtensibilityGlobals) = postSolution
		SolutionGuid = {1FF6FE03-99B5-49D7-8546-122536CA2571}
	EndGlobalSection
EndGlobal
